
Microsoft Visual Studio Solution File, Format Version 12.00
# Visual Studio Version 17
VisualStudioVersion = 17.12.35527.113 d17.12
MinimumVisualStudioVersion = 10.0.40219.1
Project("{FAE04EC0-301F-11D3-BF4B-00C04F79EFBC}") = "OneIncSample", "OneIncSample.csproj", "{C3D8F170-05C4-423D-9D9C-6CF1BB5B1473}"
EndProject
Global
	GlobalSection(SolutionConfigurationPlatforms) = preSolution
		Debug|Any CPU = Debug|Any CPU
		Release|Any CPU = Release|Any CPU
	EndGlobalSection
	GlobalSection(ProjectConfigurationPlatforms) = postSolution
		{C3D8F170-05C4-423D-9D9C-6CF1BB5B1473}.Debug|Any CPU.ActiveCfg = Debug|Any CPU
		{C3D8F170-05C4-423D-9D9C-6CF1BB5B1473}.Debug|Any CPU.Build.0 = Debug|Any CPU
		{C3D8F170-05C4-423D-9D9C-6CF1BB5B1473}.Release|Any CPU.ActiveCfg = Release|Any CPU
		{C3D8F170-05C4-423D-9D9C-6CF1BB5B1473}.Release|Any CPU.Build.0 = Release|Any CPU
	EndGlobalSection
	GlobalSection(SolutionProperties) = preSolution
		HideSolutionNode = FALSE
	EndGlobalSection
EndGlobal
